
Microsoft Visual Studio Solution File, Format Version 12.00
# Visual Studio Version 16
VisualStudioVersion = 16.0.29609.76
MinimumVisualStudioVersion = 10.0.40219.1
Project("{9A19103F-16F7-4668-BE54-9A1E7A4F7556}") = "TestProject.WebAPI", "TestProject.WebAPI\TestProject.WebAPI.csproj", "{0652E430-24A1-429D-B9C8-FC5E308D77FB}"
EndProject
Project("{9A19103F-16F7-4668-BE54-9A1E7A4F7556}") = "TestProject.Tests", "TestProject.Tests\TestProject.Tests.csproj", "{07F900FC-80A1-4FFA-A652-2A070B4E337D}"
EndProject
Project("{9A19103F-16F7-4668-BE54-9A1E7A4F7556}") = "TestProject.Service", "TestProject.Service\TestProject.Service.csproj", "{A10643F3-88F0-4A3A-9936-BE845C316616}"
EndProject
Project("{9A19103F-16F7-4668-BE54-9A1E7A4F7556}") = "TestProject.Model", "TestProject.Model\TestProject.Model.csproj", "{78023B22-FFD1-4FEF-84D5-07156D0B4067}"
EndProject
Project("{9A19103F-16F7-4668-BE54-9A1E7A4F7556}") = "TestProject.Repository", "TestProject.Reporitory\TestProject.Repository.csproj", "{5C4C7F05-9DCD-44C1-B4F5-E5C69E66D70A}"
EndProject
Project("{9A19103F-16F7-4668-BE54-9A1E7A4F7556}") = "Common", "Common\Common.csproj", "{0A75BFF5-EC8E-40CF-99B1-711650603B6A}"
EndProject
Project("{E53339B2-1760-4266-BCC7-CA923CBCF16C}") = "docker-compose", "docker-compose.dcproj", "{AB5E389F-EADE-40CB-9EE5-D684B5942E2D}"
EndProject
Global
	GlobalSection(SolutionConfigurationPlatforms) = preSolution
		Debug|Any CPU = Debug|Any CPU
		Release|Any CPU = Release|Any CPU
	EndGlobalSection
	GlobalSection(ProjectConfigurationPlatforms) = postSolution
		{0652E430-24A1-429D-B9C8-FC5E308D77FB}.Debug|Any CPU.ActiveCfg = Debug|Any CPU
		{0652E430-24A1-429D-B9C8-FC5E308D77FB}.Debug|Any CPU.Build.0 = Debug|Any CPU
		{0652E430-24A1-429D-B9C8-FC5E308D77FB}.Release|Any CPU.ActiveCfg = Release|Any CPU
		{0652E430-24A1-429D-B9C8-FC5E308D77FB}.Release|Any CPU.Build.0 = Release|Any CPU
		{07F900FC-80A1-4FFA-A652-2A070B4E337D}.Debug|Any CPU.ActiveCfg = Debug|Any CPU
		{07F900FC-80A1-4FFA-A652-2A070B4E337D}.Debug|Any CPU.Build.0 = Debug|Any CPU
		{07F900FC-80A1-4FFA-A652-2A070B4E337D}.Release|Any CPU.ActiveCfg = Release|Any CPU
		{07F900FC-80A1-4FFA-A652-2A070B4E337D}.Release|Any CPU.Build.0 = Release|Any CPU
		{A10643F3-88F0-4A3A-9936-BE845C316616}.Debug|Any CPU.ActiveCfg = Debug|Any CPU
		{A10643F3-88F0-4A3A-9936-BE845C316616}.Debug|Any CPU.Build.0 = Debug|Any CPU
		{A10643F3-88F0-4A3A-9936-BE845C316616}.Release|Any CPU.ActiveCfg = Release|Any CPU
		{A10643F3-88F0-4A3A-9936-BE845C316616}.Release|Any CPU.Build.0 = Release|Any CPU
		{78023B22-FFD1-4FEF-84D5-07156D0B4067}.Debug|Any CPU.ActiveCfg = Debug|Any CPU
		{78023B22-FFD1-4FEF-84D5-07156D0B4067}.Debug|Any CPU.Build.0 = Debug|Any CPU
		{78023B22-FFD1-4FEF-84D5-07156D0B4067}.Release|Any CPU.ActiveCfg = Release|Any CPU
		{78023B22-FFD1-4FEF-84D5-07156D0B4067}.Release|Any CPU.Build.0 = Release|Any CPU
		{5C4C7F05-9DCD-44C1-B4F5-E5C69E66D70A}.Debug|Any CPU.ActiveCfg = Debug|Any CPU
		{5C4C7F05-9DCD-44C1-B4F5-E5C69E66D70A}.Debug|Any CPU.Build.0 = Debug|Any CPU
		{5C4C7F05-9DCD-44C1-B4F5-E5C69E66D70A}.Release|Any CPU.ActiveCfg = Release|Any CPU
		{5C4C7F05-9DCD-44C1-B4F5-E5C69E66D70A}.Release|Any CPU.Build.0 = Release|Any CPU
		{0A75BFF5-EC8E-40CF-99B1-711650603B6A}.Debug|Any CPU.ActiveCfg = Debug|Any CPU
		{0A75BFF5-EC8E-40CF-99B1-711650603B6A}.Debug|Any CPU.Build.0 = Debug|Any CPU
		{0A75BFF5-EC8E-40CF-99B1-711650603B6A}.Release|Any CPU.ActiveCfg = Release|Any CPU
		{0A75BFF5-EC8E-40CF-99B1-711650603B6A}.Release|Any CPU.Build.0 = Release|Any CPU
		{AB5E389F-EADE-40CB-9EE5-D684B5942E2D}.Debug|Any CPU.ActiveCfg = Debug|Any CPU
		{AB5E389F-EADE-40CB-9EE5-D684B5942E2D}.Debug|Any CPU.Build.0 = Debug|Any CPU
		{AB5E389F-EADE-40CB-9EE5-D684B5942E2D}.Release|Any CPU.ActiveCfg = Release|Any CPU
		{AB5E389F-EADE-40CB-9EE5-D684B5942E2D}.Release|Any CPU.Build.0 = Release|Any CPU
	EndGlobalSection
	GlobalSection(SolutionProperties) = preSolution
		HideSolutionNode = FALSE
	EndGlobalSection
	GlobalSection(ExtensibilityGlobals) = postSolution
		SolutionGuid = {4C44C029-3DEE-4A54-A93B-A1C4CE747848}
	EndGlobalSection
EndGlobal
